
Microsoft Visual Studio Solution File, Format Version 12.00
# Visual Studio Version 17
VisualStudioVersion = 17.1.32210.238
MinimumVisualStudioVersion = 10.0.40219.1
Project("{8BC9CEB8-8B4A-11D0-8D11-00A0C91BC942}") = "ConsoleApplication13.03", "ConsoleApplication13.03\ConsoleApplication13.03.vcxproj", "{6C23E214-368F-471D-BF18-84B5E7F27998}"
EndProject
Global
	GlobalSection(SolutionConfigurationPlatforms) = preSolution
		Debug|x64 = Debug|x64
		Debug|x86 = Debug|x86
		Release|x64 = Release|x64
		Release|x86 = Release|x86
	EndGlobalSection
	GlobalSection(ProjectConfigurationPlatforms) = postSolution
		{6C23E214-368F-471D-BF18-84B5E7F27998}.Debug|x64.ActiveCfg = Debug|x64
		{6C23E214-368F-471D-BF18-84B5E7F27998}.Debug|x64.Build.0 = Debug|x64
		{6C23E214-368F-471D-BF18-84B5E7F27998}.Debug|x86.ActiveCfg = Debug|Win32
		{6C23E214-368F-471D-BF18-84B5E7F27998}.Debug|x86.Build.0 = Debug|Win32
		{6C23E214-368F-471D-BF18-84B5E7F27998}.Release|x64.ActiveCfg = Release|x64
		{6C23E214-368F-471D-BF18-84B5E7F27998}.Release|x64.Build.0 = Release|x64
		{6C23E214-368F-471D-BF18-84B5E7F27998}.Release|x86.ActiveCfg = Release|Win32
		{6C23E214-368F-471D-BF18-84B5E7F27998}.Release|x86.Build.0 = Release|Win32
	EndGlobalSection
	GlobalSection(SolutionProperties) = preSolution
		HideSolutionNode = FALSE
	EndGlobalSection
	GlobalSection(ExtensibilityGlobals) = postSolution
		SolutionGuid = {3DD2B49B-B79C-43B9-895E-627FC57FB2FA}
	EndGlobalSection
EndGlobal
